// !$*UTF8*$!
{
	archiveVersion = 1;
	classes = {
	};
	objectVersion = 48;
	objects = {

/* Begin PBXBuildFile section */
		31CAF31C1FB0831900E1A089 /* AppDelegate.swift in Sources */ = {isa = PBXBuildFile; fileRef = 31CAF31B1FB0831900E1A089 /* AppDelegate.swift */; };
		31CAF31E1FB0831900E1A089 /* ViewController.swift in Sources */ = {isa = PBXBuildFile; fileRef = 31CAF31D1FB0831900E1A089 /* ViewController.swift */; };
		31CAF3211FB0831900E1A089 /* Main.storyboard in Resources */ = {isa = PBXBuildFile; fileRef = 31CAF31F1FB0831900E1A089 /* Main.storyboard */; };
		31CAF3231FB0831900E1A089 /* Assets.xcassets in Resources */ = {isa = PBXBuildFile; fileRef = 31CAF3221FB0831900E1A089 /* Assets.xcassets */; };
		31CAF3261FB0831900E1A089 /* LaunchScreen.storyboard in Resources */ = {isa = PBXBuildFile; fileRef = 31CAF3241FB0831900E1A089 /* LaunchScreen.storyboard */; };
		31CAF3311FB0831A00E1A089 /* CalculatorAppTests.swift in Sources */ = {isa = PBXBuildFile; fileRef = 31CAF3301FB0831A00E1A089 /* CalculatorAppTests.swift */; };
		31CAF33C1FB0831A00E1A089 /* CalculatorAppUITests.swift in Sources */ = {isa = PBXBuildFile; fileRef = 31CAF33B1FB0831A00E1A089 /* CalculatorAppUITests.swift */; };
/* End PBXBuildFile section */

/* Begin PBXContainerItemProxy section */
		31CAF32D1FB0831A00E1A089 /* PBXContainerItemProxy */ = {
			isa = PBXContainerItemProxy;
			containerPortal = 31CAF3101FB0831900E1A089 /* Project object */;
			proxyType = 1;
			remoteGlobalIDString = 31CAF3171FB0831900E1A089;
			remoteInfo = CalculatorApp;
		};
		31CAF3381FB0831A00E1A089 /* PBXContainerItemProxy */ = {
			isa = PBXContainerItemProxy;
			containerPortal = 31CAF3101FB0831900E1A089 /* Project object */;
			proxyType = 1;
			remoteGlobalIDString = 31CAF3171FB0831900E1A089;
			remoteInfo = CalculatorApp;
		};
/* End PBXContainerItemProxy section */

/* Begin PBXFileReference section */
		31CAF3181FB0831900E1A089 /* CalculatorApp.app */ = {isa = PBXFileReference; explicitFileType = wrapper.application; includeInIndex = 0; path = CalculatorApp.app; sourceTree = BUILT_PRODUCTS_DIR; };
		31CAF31B1FB0831900E1A089 /* AppDelegate.swift */ = {isa = PBXFileReference; lastKnownFileType = sourcecode.swift; path = AppDelegate.swift; sourceTree = "<group>"; };
		31CAF31D1FB0831900E1A089 /* ViewController.swift */ = {isa = PBXFileReference; lastKnownFileType = sourcecode.swift; path = ViewController.swift; sourceTree = "<group>"; };
		31CAF3201FB0831900E1A089 /* Base */ = {isa = PBXFileReference; lastKnownFileType = file.storyboard; name = Base; path = Base.lproj/Main.storyboard; sourceTree = "<group>"; };
		31CAF3221FB0831900E1A089 /* Assets.xcassets */ = {isa = PBXFileReference; lastKnownFileType = folder.assetcatalog; path = Assets.xcassets; sourceTree = "<group>"; };
		31CAF3251FB0831900E1A089 /* Base */ = {isa = PBXFileReference; lastKnownFileType = file.storyboard; name = Base; path = Base.lproj/LaunchScreen.storyboard; sourceTree = "<group>"; };
		31CAF3271FB0831900E1A089 /* Info.plist */ = {isa = PBXFileReference; lastKnownFileType = text.plist.xml; path = Info.plist; sourceTree = "<group>"; };
		31CAF32C1FB0831A00E1A089 /* CalculatorAppTests.xctest */ = {isa = PBXFileReference; explicitFileType = wrapper.cfbundle; includeInIndex = 0; path = CalculatorAppTests.xctest; sourceTree = BUILT_PRODUCTS_DIR; };
		31CAF3301FB0831A00E1A089 /* CalculatorAppTests.swift */ = {isa = PBXFileReference; lastKnownFileType = sourcecode.swift; path = CalculatorAppTests.swift; sourceTree = "<group>"; };
		31CAF3321FB0831A00E1A089 /* Info.plist */ = {isa = PBXFileReference; lastKnownFileType = text.plist.xml; path = Info.plist; sourceTree = "<group>"; };
		31CAF3371FB0831A00E1A089 /* CalculatorAppUITests.xctest */ = {isa = PBXFileReference; explicitFileType = wrapper.cfbundle; includeInIndex = 0; path = CalculatorAppUITests.xctest; sourceTree = BUILT_PRODUCTS_DIR; };
		31CAF33B1FB0831A00E1A089 /* CalculatorAppUITests.swift */ = {isa = PBXFileReference; lastKnownFileType = sourcecode.swift; path = CalculatorAppUITests.swift; sourceTree = "<group>"; };
		31CAF33D1FB0831A00E1A089 /* Info.plist */ = {isa = PBXFileReference; lastKnownFileType = text.plist.xml; path = Info.plist; sourceTree = "<group>"; };
/* End PBXFileReference section */

/* Begin PBXFrameworksBuildPhase section */
		31CAF3151FB0831900E1A089 /* Frameworks */ = {
			isa = PBXFrameworksBuildPhase;
			buildActionMask = 2147483647;
			files = (
			);
			runOnlyForDeploymentPostprocessing = 0;
		};
		31CAF3291FB0831A00E1A089 /* Frameworks */ = {
			isa = PBXFrameworksBuildPhase;
			buildActionMask = 2147483647;
			files = (
			);
			runOnlyForDeploymentPostprocessing = 0;
		};
		31CAF3341FB0831A00E1A089 /* Frameworks */ = {
			isa = PBXFrameworksBuildPhase;
			buildActionMask = 2147483647;
			files = (
			);
			runOnlyForDeploymentPostprocessing = 0;
		};
/* End PBXFrameworksBuildPhase section */

/* Begin PBXGroup section */
		31CAF30F1FB0831900E1A089 = {
			isa = PBXGroup;
			children = (
				31CAF31A1FB0831900E1A089 /* CalculatorApp */,
				31CAF32F1FB0831A00E1A089 /* CalculatorAppTests */,
				31CAF33A1FB0831A00E1A089 /* CalculatorAppUITests */,
				31CAF3191FB0831900E1A089 /* Products */,
			);
			sourceTree = "<group>";
		};
		31CAF3191FB0831900E1A089 /* Products */ = {
			isa = PBXGroup;
			children = (
				31CAF3181FB0831900E1A089 /* CalculatorApp.app */,
				31CAF32C1FB0831A00E1A089 /* CalculatorAppTests.xctest */,
				31CAF3371FB0831A00E1A089 /* CalculatorAppUITests.xctest */,
			);
			name = Products;
			sourceTree = "<group>";
		};
		31CAF31A1FB0831900E1A089 /* CalculatorApp */ = {
			isa = PBXGroup;
			children = (
				31CAF31B1FB0831900E1A089 /* AppDelegate.swift */,
				31CAF31D1FB0831900E1A089 /* ViewController.swift */,
				31CAF31F1FB0831900E1A089 /* Main.storyboard */,
				31CAF3221FB0831900E1A089 /* Assets.xcassets */,
				31CAF3241FB0831900E1A089 /* LaunchScreen.storyboard */,
				31CAF3271FB0831900E1A089 /* Info.plist */,
			);
			path = CalculatorApp;
			sourceTree = "<group>";
		};
		31CAF32F1FB0831A00E1A089 /* CalculatorAppTests */ = {
			isa = PBXGroup;
			children = (
				31CAF3301FB0831A00E1A089 /* CalculatorAppTests.swift */,
				31CAF3321FB0831A00E1A089 /* Info.plist */,
			);
			path = CalculatorAppTests;
			sourceTree = "<group>";
		};
		31CAF33A1FB0831A00E1A089 /* CalculatorAppUITests */ = {
			isa = PBXGroup;
			children = (
				31CAF33B1FB0831A00E1A089 /* CalculatorAppUITests.swift */,
				31CAF33D1FB0831A00E1A089 /* Info.plist */,
			);
			path = CalculatorAppUITests;
			sourceTree = "<group>";
		};
/* End PBXGroup section */

/* Begin PBXNativeTarget section */
		31CAF3171FB0831900E1A089 /* CalculatorApp */ = {
			isa = PBXNativeTarget;
			buildConfigurationList = 31CAF3401FB0831A00E1A089 /* Build configuration list for PBXNativeTarget "CalculatorApp" */;
			buildPhases = (
				31CAF3141FB0831900E1A089 /* Sources */,
				31CAF3151FB0831900E1A089 /* Frameworks */,
				31CAF3161FB0831900E1A089 /* Resources */,
			);
			buildRules = (
			);
			dependencies = (
			);
			name = CalculatorApp;
			productName = CalculatorApp;
			productReference = 31CAF3181FB0831900E1A089 /* CalculatorApp.app */;
			productType = "com.apple.product-type.application";
		};
		31CAF32B1FB0831A00E1A089 /* CalculatorAppTests */ = {
			isa = PBXNativeTarget;
			buildConfigurationList = 31CAF3431FB0831A00E1A089 /* Build configuration list for PBXNativeTarget "CalculatorAppTests" */;
			buildPhases = (
				31CAF3281FB0831A00E1A089 /* Sources */,
				31CAF3291FB0831A00E1A089 /* Frameworks */,
				31CAF32A1FB0831A00E1A089 /* Resources */,
			);
			buildRules = (
			);
			dependencies = (
				31CAF32E1FB0831A00E1A089 /* PBXTargetDependency */,
			);
			name = CalculatorAppTests;
			productName = CalculatorAppTests;
			productReference = 31CAF32C1FB0831A00E1A089 /* CalculatorAppTests.xctest */;
			productType = "com.apple.product-type.bundle.unit-test";
		};
		31CAF3361FB0831A00E1A089 /* CalculatorAppUITests */ = {
			isa = PBXNativeTarget;
			buildConfigurationList = 31CAF3461FB0831A00E1A089 /* Build configuration list for PBXNativeTarget "CalculatorAppUITests" */;
			buildPhases = (
				31CAF3331FB0831A00E1A089 /* Sources */,
				31CAF3341FB0831A00E1A089 /* Frameworks */,
				31CAF3351FB0831A00E1A089 /* Resources */,
			);
			buildRules = (
			);
			dependencies = (
				31CAF3391FB0831A00E1A089 /* PBXTargetDependency */,
			);
			name = CalculatorAppUITests;
			productName = CalculatorAppUITests;
			productReference = 31CAF3371FB0831A00E1A089 /* CalculatorAppUITests.xctest */;
			productType = "com.apple.product-type.bundle.ui-testing";
		};
/* End PBXNativeTarget section */

/* Begin PBXProject section */
		31CAF3101FB0831900E1A089 /* Project object */ = {
			isa = PBXProject;
			attributes = {
				LastSwiftUpdateCheck = 0910;
				LastUpgradeCheck = 0910;
				ORGANIZATIONNAME = "maya tominaga";
				TargetAttributes = {
					31CAF3171FB0831900E1A089 = {
						CreatedOnToolsVersion = 9.1;
						ProvisioningStyle = Automatic;
					};
					31CAF32B1FB0831A00E1A089 = {
						CreatedOnToolsVersion = 9.1;
						ProvisioningStyle = Automatic;
						TestTargetID = 31CAF3171FB0831900E1A089;
					};
					31CAF3361FB0831A00E1A089 = {
						CreatedOnToolsVersion = 9.1;
						ProvisioningStyle = Automatic;
						TestTargetID = 31CAF3171FB0831900E1A089;
					};
				};
			};
			buildConfigurationList = 31CAF3131FB0831900E1A089 /* Build configuration list for PBXProject "CalculatorApp" */;
			compatibilityVersion = "Xcode 8.0";
			developmentRegion = en;
			hasScannedForEncodings = 0;
			knownRegions = (
				en,
				Base,
			);
			mainGroup = 31CAF30F1FB0831900E1A089;
			productRefGroup = 31CAF3191FB0831900E1A089 /* Products */;
			projectDirPath = "";
			projectRoot = "";
			targets = (
				31CAF3171FB0831900E1A089 /* CalculatorApp */,
				31CAF32B1FB0831A00E1A089 /* CalculatorAppTests */,
				31CAF3361FB0831A00E1A089 /* CalculatorAppUITests */,
			);
		};
/* End PBXProject section */

/* Begin PBXResourcesBuildPhase section */
		31CAF3161FB0831900E1A089 /* Resources */ = {
			isa = PBXResourcesBuildPhase;
			buildActionMask = 2147483647;
			files = (
				31CAF3261FB0831900E1A089 /* LaunchScreen.storyboard in Resources */,
				31CAF3231FB0831900E1A089 /* Assets.xcassets in Resources */,
				31CAF3211FB0831900E1A089 /* Main.storyboard in Resources */,
			);
			runOnlyForDeploymentPostprocessing = 0;
		};
		31CAF32A1FB0831A00E1A089 /* Resources */ = {
			isa = PBXResourcesBuildPhase;
			buildActionMask = 2147483647;
			files = (
			);
			runOnlyForDeploymentPostprocessing = 0;
		};
		31CAF3351FB0831A00E1A089 /* Resources */ = {
			isa = PBXResourcesBuildPhase;
			buildActionMask = 2147483647;
			files = (
			);
			runOnlyForDeploymentPostprocessing = 0;
		};
/* End PBXResourcesBuildPhase section */

/* Begin PBXSourcesBuildPhase section */
		31CAF3141FB0831900E1A089 /* Sources */ = {
			isa = PBXSourcesBuildPhase;
			buildActionMask = 2147483647;
			files = (
				31CAF31E1FB0831900E1A089 /* ViewController.swift in Sources */,
				31CAF31C1FB0831900E1A089 /* AppDelegate.swift in Sources */,
			);
			runOnlyForDeploymentPostprocessing = 0;
		};
		31CAF3281FB0831A00E1A089 /* Sources */ = {
			isa = PBXSourcesBuildPhase;
			buildActionMask = 2147483647;
			files = (
				31CAF3311FB0831A00E1A089 /* CalculatorAppTests.swift in Sources */,
			);
			runOnlyForDeploymentPostprocessing = 0;
		};
		31CAF3331FB0831A00E1A089 /* Sources */ = {
			isa = PBXSourcesBuildPhase;
			buildActionMask = 2147483647;
			files = (
				31CAF33C1FB0831A00E1A089 /* CalculatorAppUITests.swift in Sources */,
			);
			runOnlyForDeploymentPostprocessing = 0;
		};
/* End PBXSourcesBuildPhase section */

/* Begin PBXTargetDependency section */
		31CAF32E1FB0831A00E1A089 /* PBXTargetDependency */ = {
			isa = PBXTargetDependency;
			target = 31CAF3171FB0831900E1A089 /* CalculatorApp */;
			targetProxy = 31CAF32D1FB0831A00E1A089 /* PBXContainerItemProxy */;
		};
		31CAF3391FB0831A00E1A089 /* PBXTargetDependency */ = {
			isa = PBXTargetDependency;
			target = 31CAF3171FB0831900E1A089 /* CalculatorApp */;
			targetProxy = 31CAF3381FB0831A00E1A089 /* PBXContainerItemProxy */;
		};
/* End PBXTargetDependency section */

/* Begin PBXVariantGroup section */
		31CAF31F1FB0831900E1A089 /* Main.storyboard */ = {
			isa = PBXVariantGroup;
			children = (
				31CAF3201FB0831900E1A089 /* Base */,
			);
			name = Main.storyboard;
			sourceTree = "<group>";
		};
		31CAF3241FB0831900E1A089 /* LaunchScreen.storyboard */ = {
			isa = PBXVariantGroup;
			children = (
				31CAF3251FB0831900E1A089 /* Base */,
			);
			name = LaunchScreen.storyboard;
			sourceTree = "<group>";
		};
/* End PBXVariantGroup section */

/* Begin XCBuildConfiguration section */
		31CAF33E1FB0831A00E1A089 /* Debug */ = {
			isa = XCBuildConfiguration;
			buildSettings = {
				ALWAYS_SEARCH_USER_PATHS = NO;
				CLANG_ANALYZER_NONNULL = YES;
				CLANG_ANALYZER_NUMBER_OBJECT_CONVERSION = YES_AGGRESSIVE;
				CLANG_CXX_LANGUAGE_STANDARD = "gnu++14";
				CLANG_CXX_LIBRARY = "libc++";
				CLANG_ENABLE_MODULES = YES;
				CLANG_ENABLE_OBJC_ARC = YES;
				CLANG_WARN_BLOCK_CAPTURE_AUTORELEASING = YES;
				CLANG_WARN_BOOL_CONVERSION = YES;
				CLANG_WARN_COMMA = YES;
				CLANG_WARN_CONSTANT_CONVERSION = YES;
				CLANG_WARN_DIRECT_OBJC_ISA_USAGE = YES_ERROR;
				CLANG_WARN_DOCUMENTATION_COMMENTS = YES;
				CLANG_WARN_EMPTY_BODY = YES;
				CLANG_WARN_ENUM_CONVERSION = YES;
				CLANG_WARN_INFINITE_RECURSION = YES;
				CLANG_WARN_INT_CONVERSION = YES;
				CLANG_WARN_NON_LITERAL_NULL_CONVERSION = YES;
				CLANG_WARN_OBJC_LITERAL_CONVERSION = YES;
				CLANG_WARN_OBJC_ROOT_CLASS = YES_ERROR;
				CLANG_WARN_RANGE_LOOP_ANALYSIS = YES;
				CLANG_WARN_STRICT_PROTOTYPES = YES;
				CLANG_WARN_SUSPICIOUS_MOVE = YES;
				CLANG_WARN_UNGUARDED_AVAILABILITY = YES_AGGRESSIVE;
				CLANG_WARN_UNREACHABLE_CODE = YES;
				CLANG_WARN__DUPLICATE_METHOD_MATCH = YES;
				CODE_SIGN_IDENTITY = "iPhone Developer";
				COPY_PHASE_STRIP = NO;
				DEBUG_INFORMATION_FORMAT = dwarf;
				ENABLE_STRICT_OBJC_MSGSEND = YES;
				ENABLE_TESTABILITY = YES;
				GCC_C_LANGUAGE_STANDARD = gnu11;
				GCC_DYNAMIC_NO_PIC = NO;
				GCC_NO_COMMON_BLOCKS = YES;
				GCC_OPTIMIZATION_LEVEL = 0;
				GCC_PREPROCESSOR_DEFINITIONS = (
					"DEBUG=1",
					"$(inherited)",
				);
				GCC_WARN_64_TO_32_BIT_CONVERSION = YES;
				GCC_WARN_ABOUT_RETURN_TYPE = YES_ERROR;
				GCC_WARN_UNDECLARED_SELECTOR = YES;
				GCC_WARN_UNINITIALIZED_AUTOS = YES_AGGRESSIVE;
				GCC_WARN_UNUSED_FUNCTION = YES;
				GCC_WARN_UNUSED_VARIABLE = YES;
				IPHONEOS_DEPLOYMENT_TARGET = 11.1;
				MTL_ENABLE_DEBUG_INFO = YES;
				ONLY_ACTIVE_ARCH = YES;
				SDKROOT = iphoneos;
				SWIFT_ACTIVE_COMPILATION_CONDITIONS = DEBUG;
				SWIFT_OPTIMIZATION_LEVEL = "-Onone";
			};
			name = Debug;
		};
		31CAF33F1FB0831A00E1A089 /* Release */ = {
			isa = XCBuildConfiguration;
			buildSettings = {
				ALWAYS_SEARCH_USER_PATHS = NO;
				CLANG_ANALYZER_NONNULL = YES;
				CLANG_ANALYZER_NUMBER_OBJECT_CONVERSION = YES_AGGRESSIVE;
				CLANG_CXX_LANGUAGE_STANDARD = "gnu++14";
				CLANG_CXX_LIBRARY = "libc++";
				CLANG_ENABLE_MODULES = YES;
				CLANG_ENABLE_OBJC_ARC = YES;
				CLANG_WARN_BLOCK_CAPTURE_AUTORELEASING = YES;
				CLANG_WARN_BOOL_CONVERSION = YES;
				CLANG_WARN_COMMA = YES;
				CLANG_WARN_CONSTANT_CONVERSION = YES;
				CLANG_WARN_DIRECT_OBJC_ISA_USAGE = YES_ERROR;
				CLANG_WARN_DOCUMENTATION_COMMENTS = YES;
				CLANG_WARN_EMPTY_BODY = YES;
				CLANG_WARN_ENUM_CONVERSION = YES;
				CLANG_WARN_INFINITE_RECURSION = YES;
				CLANG_WARN_INT_CONVERSION = YES;
				CLANG_WARN_NON_LITERAL_NULL_CONVERSION = YES;
				CLANG_WARN_OBJC_LITERAL_CONVERSION = YES;
				CLANG_WARN_OBJC_ROOT_CLASS = YES_ERROR;
				CLANG_WARN_RANGE_LOOP_ANALYSIS = YES;
				CLANG_WARN_STRICT_PROTOTYPES = YES;
				CLANG_WARN_SUSPICIOUS_MOVE = YES;
				CLANG_WARN_UNGUARDED_AVAILABILITY = YES_AGGRESSIVE;
				CLANG_WARN_UNREACHABLE_CODE = YES;
				CLANG_WARN__DUPLICATE_METHOD_MATCH = YES;
				CODE_SIGN_IDENTITY = "iPhone Developer";
				COPY_PHASE_STRIP = NO;
				DEBUG_INFORMATION_FORMAT = "dwarf-with-dsym";
				ENABLE_NS_ASSERTIONS = NO;
				ENABLE_STRICT_OBJC_MSGSEND = YES;
				GCC_C_LANGUAGE_STANDARD = gnu11;
				GCC_NO_COMMON_BLOCKS = YES;
				GCC_WARN_64_TO_32_BIT_CONVERSION = YES;
				GCC_WARN_ABOUT_RETURN_TYPE = YES_ERROR;
				GCC_WARN_UNDECLARED_SELECTOR = YES;
				GCC_WARN_UNINITIALIZED_AUTOS = YES_AGGRESSIVE;
				GCC_WARN_UNUSED_FUNCTION = YES;
				GCC_WARN_UNUSED_VARIABLE = YES;
				IPHONEOS_DEPLOYMENT_TARGET = 11.1;
				MTL_ENABLE_DEBUG_INFO = NO;
				SDKROOT = iphoneos;
				SWIFT_OPTIMIZATION_LEVEL = "-Owholemodule";
				VALIDATE_PRODUCT = YES;
			};
			name = Release;
		};
		31CAF3411FB0831A00E1A089 /* Debug */ = {
			isa = XCBuildConfiguration;
			buildSettings = {
				ASSETCATALOG_COMPILER_APPICON_NAME = AppIcon;
				CODE_SIGN_STYLE = Automatic;
				INFOPLIST_FILE = CalculatorApp/Info.plist;
				LD_RUNPATH_SEARCH_PATHS = "$(inherited) @executable_path/Frameworks";
				PRODUCT_BUNDLE_IDENTIFIER = com.easyramble.CalculatorApp;
				PRODUCT_NAME = "$(TARGET_NAME)";
				SWIFT_VERSION = 4.0;
				TARGETED_DEVICE_FAMILY = "1,2";
			};
			name = Debug;
		};
		31CAF3421FB0831A00E1A089 /* Release */ = {
			isa = XCBuildConfiguration;
			buildSettings = {
				ASSETCATALOG_COMPILER_APPICON_NAME = AppIcon;
				CODE_SIGN_STYLE = Automatic;
				INFOPLIST_FILE = CalculatorApp/Info.plist;
				LD_RUNPATH_SEARCH_PATHS = "$(inherited) @executable_path/Frameworks";
				PRODUCT_BUNDLE_IDENTIFIER = com.easyramble.CalculatorApp;
				PRODUCT_NAME = "$(TARGET_NAME)";
				SWIFT_VERSION = 4.0;
				TARGETED_DEVICE_FAMILY = "1,2";
			};
			name = Release;
		};
		31CAF3441FB0831A00E1A089 /* Debug */ = {
			isa = XCBuildConfiguration;
			buildSettings = {
				ALWAYS_EMBED_SWIFT_STANDARD_LIBRARIES = YES;
				BUNDLE_LOADER = "$(TEST_HOST)";
				CODE_SIGN_STYLE = Automatic;
				INFOPLIST_FILE = CalculatorAppTests/Info.plist;
				LD_RUNPATH_SEARCH_PATHS = "$(inherited) @executable_path/Frameworks @loader_path/Frameworks";
				PRODUCT_BUNDLE_IDENTIFIER = com.easyramble.CalculatorAppTests;
				PRODUCT_NAME = "$(TARGET_NAME)";
				SWIFT_VERSION = 4.0;
				TARGETED_DEVICE_FAMILY = "1,2";
				TEST_HOST = "$(BUILT_PRODUCTS_DIR)/CalculatorApp.app/CalculatorApp";
			};
			name = Debug;
		};
		31CAF3451FB0831A00E1A089 /* Release */ = {
			isa = XCBuildConfiguration;
			buildSettings = {
				ALWAYS_EMBED_SWIFT_STANDARD_LIBRARIES = YES;
				BUNDLE_LOADER = "$(TEST_HOST)";
				CODE_SIGN_STYLE = Automatic;
				INFOPLIST_FILE = CalculatorAppTests/Info.plist;
				LD_RUNPATH_SEARCH_PATHS = "$(inherited) @executable_path/Frameworks @loader_path/Frameworks";
				PRODUCT_BUNDLE_IDENTIFIER = com.easyramble.CalculatorAppTests;
				PRODUCT_NAME = "$(TARGET_NAME)";
				SWIFT_VERSION = 4.0;
				TARGETED_DEVICE_FAMILY = "1,2";
				TEST_HOST = "$(BUILT_PRODUCTS_DIR)/CalculatorApp.app/CalculatorApp";
			};
			name = Release;
		};
		31CAF3471FB0831A00E1A089 /* Debug */ = {
			isa = XCBuildConfiguration;
			buildSettings = {
				ALWAYS_EMBED_SWIFT_STANDARD_LIBRARIES = YES;
				CODE_SIGN_STYLE = Automatic;
				INFOPLIST_FILE = CalculatorAppUITests/Info.plist;
				LD_RUNPATH_SEARCH_PATHS = "$(inherited) @executable_path/Frameworks @loader_path/Frameworks";
				PRODUCT_BUNDLE_IDENTIFIER = com.easyramble.CalculatorAppUITests;
				PRODUCT_NAME = "$(TARGET_NAME)";
				SWIFT_VERSION = 4.0;
				TARGETED_DEVICE_FAMILY = "1,2";
				TEST_TARGET_NAME = CalculatorApp;
			};
			name = Debug;
		};
		31CAF3481FB0831A00E1A089 /* Release */ = {
			isa = XCBuildConfiguration;
			buildSettings = {
				ALWAYS_EMBED_SWIFT_STANDARD_LIBRARIES = YES;
				CODE_SIGN_STYLE = Automatic;
				INFOPLIST_FILE = CalculatorAppUITests/Info.plist;
				LD_RUNPATH_SEARCH_PATHS = "$(inherited) @executable_path/Frameworks @loader_path/Frameworks";
				PRODUCT_BUNDLE_IDENTIFIER = com.easyramble.CalculatorAppUITests;
				PRODUCT_NAME = "$(TARGET_NAME)";
				SWIFT_VERSION = 4.0;
				TARGETED_DEVICE_FAMILY = "1,2";
				TEST_TARGET_NAME = CalculatorApp;
			};
			name = Release;
		};
/* End XCBuildConfiguration section */

/* Begin XCConfigurationList section */
		31CAF3131FB0831900E1A089 /* Build configuration list for PBXProject "CalculatorApp" */ = {
			isa = XCConfigurationList;
			buildConfigurations = (
				31CAF33E1FB0831A00E1A089 /* Debug */,
				31CAF33F1FB0831A00E1A089 /* Release */,
			);
			defaultConfigurationIsVisible = 0;
			defaultConfigurationName = Release;
		};
		31CAF3401FB0831A00E1A089 /* Build configuration list for PBXNativeTarget "CalculatorApp" */ = {
			isa = XCConfigurationList;
			buildConfigurations = (
				31CAF3411FB0831A00E1A089 /* Debug */,
				31CAF3421FB0831A00E1A089 /* Release */,
			);
			defaultConfigurationIsVisible = 0;
			defaultConfigurationName = Release;
		};
		31CAF3431FB0831A00E1A089 /* Build configuration list for PBXNativeTarget "CalculatorAppTests" */ = {
			isa = XCConfigurationList;
			buildConfigurations = (
				31CAF3441FB0831A00E1A089 /* Debug */,
				31CAF3451FB0831A00E1A089 /* Release */,
			);
			defaultConfigurationIsVisible = 0;
			defaultConfigurationName = Release;
		};
		31CAF3461FB0831A00E1A089 /* Build configuration list for PBXNativeTarget "CalculatorAppUITests" */ = {
			isa = XCConfigurationList;
			buildConfigurations = (
				31CAF3471FB0831A00E1A089 /* Debug */,
				31CAF3481FB0831A00E1A089 /* Release */,
			);
			defaultConfigurationIsVisible = 0;
			defaultConfigurationName = Release;
		};
/* End XCConfigurationList section */
	};
	rootObject = 31CAF3101FB0831900E1A089 /* Project object */;
}
